
Microsoft Visual Studio Solution File, Format Version 12.00
# Visual Studio Version 16
VisualStudioVersion = 16.0.28922.388
MinimumVisualStudioVersion = 10.0.40219.1
Project("{FAE04EC0-301F-11D3-BF4B-00C04F79EFBC}") = "Store", "Store\Store.csproj", "{D09B4721-93F7-47CD-BB90-9E02DF5A602D}"
EndProject
Global
	GlobalSection(SolutionConfigurationPlatforms) = preSolution
		Debug|Any CPU = Debug|Any CPU
		Release|Any CPU = Release|Any CPU
	EndGlobalSection
	GlobalSection(ProjectConfigurationPlatforms) = postSolution
		{D09B4721-93F7-47CD-BB90-9E02DF5A602D}.Debug|Any CPU.ActiveCfg = Debug|Any CPU
		{D09B4721-93F7-47CD-BB90-9E02DF5A602D}.Debug|Any CPU.Build.0 = Debug|Any CPU
		{D09B4721-93F7-47CD-BB90-9E02DF5A602D}.Release|Any CPU.ActiveCfg = Release|Any CPU
		{D09B4721-93F7-47CD-BB90-9E02DF5A602D}.Release|Any CPU.Build.0 = Release|Any CPU
	EndGlobalSection
	GlobalSection(SolutionProperties) = preSolution
		HideSolutionNode = FALSE
	EndGlobalSection
	GlobalSection(ExtensibilityGlobals) = postSolution
		SolutionGuid = {70872AC0-B58E-4DDD-8EF5-77F3B3E9895A}
	EndGlobalSection
EndGlobal
